<?xml version="1.0" encoding="utf-8"?>
<Project ToolsVersion="4.0" xmlns="http://schemas.microsoft.com/developer/msbuild/2003">
  <ItemGroup>
    <Filter Include="Source Files">
      <UniqueIdentifier>{4FC737F1-C7A5-4376-A066-2A32D752A2FF}</UniqueIdentifier>
      <Extensions>cpp;c;cc;cxx;c++;cppm;ixx;def;odl;idl;hpj;bat;asm;asmx</Extensions>
    </Filter>
    <Filter Include="Header Files">
      <UniqueIdentifier>{93995380-89BD-4b04-88EB-625FBE52EBFB}</UniqueIdentifier>
      <Extensions>h;hh;hpp;hxx;h++;hm;inl;inc;ipp;xsd</Extensions>
    </Filter>
    <Filter Include="Resource Files">
      <UniqueIdentifier>{67DA6AB6-F800-4c08-8B7A-83BB121AAD01}</UniqueIdentifier>
      <Extensions>rc;ico;cur;bmp;dlg;rc2;rct;bin;rgs;gif;jpg;jpeg;jpe;resx;tiff;tif;png;wav;mfcribbon-ms</Extensions>
    </Filter>
    <Filter Include="Header Files\tests">
      <UniqueIdentifier>{b72117eb-476e-48b7-9fab-e42ff86d486c}</UniqueIdentifier>
    </Filter>
    <Filter Include="Source Files\tests">
      <UniqueIdentifier>{25fd3d47-b59c-4148-ade6-2c7c1b70f6c5}</UniqueIdentifier>
    </Filter>
    <Filter Include="Header Files\ioDevice">
      <UniqueIdentifier>{10fa1a56-6a55-4a73-81ad-3bbebc3a94da}</UniqueIdentifier>
    </Filter>
    <Filter Include="Source Files\ioDevice">
      <UniqueIdentifier>{8b8dd9fc-8117-45a6-af13-012e49cf9c9c}</UniqueIdentifier>
    </Filter>
    <Filter Include="Header Files\executionSystem">
      <UniqueIdentifier>{9b5ffd35-2e7f-4d89-ba91-36c2136be9b6}</UniqueIdentifier>
    </Filter>
    <Filter Include="Source Files\executionSystem">
      <UniqueIdentifier>{ad3d324f-5bfe-4525-82c2-457f212dd2a9}</UniqueIdentifier>
    </Filter>
    <Filter Include="Header Files\consoleMenu">
      <UniqueIdentifier>{893b1b76-7959-47d2-b0e1-20e5c30c9169}</UniqueIdentifier>
    </Filter>
    <Filter Include="Source Files\consoleMenu">
      <UniqueIdentifier>{ba2f489b-81e4-43ca-a919-e6d26b9947c5}</UniqueIdentifier>
    </Filter>
    <Filter Include="Source Files\computeModule">
      <UniqueIdentifier>{bde06bf1-b135-4f4a-a948-ad660ad64345}</UniqueIdentifier>
    </Filter>
    <Filter Include="Header Files\computeModule">
      <UniqueIdentifier>{ef85051c-0d07-4c41-8f6f-9e106e4d9ac4}</UniqueIdentifier>
    </Filter>
    <Filter Include="Header Files\ccLibs">
      <UniqueIdentifier>{93a6a1ec-9052-44aa-bbaf-6fe8e39db193}</UniqueIdentifier>
    </Filter>
    <Filter Include="Header Files\ccLibs\acs">
      <UniqueIdentifier>{49093b82-2e35-4c2a-910e-42743f28f153}</UniqueIdentifier>
    </Filter>
    <Filter Include="Header Files\ccLibs\mcs">
      <UniqueIdentifier>{041bc710-0048-47f5-b0e9-23b78d101a27}</UniqueIdentifier>
    </Filter>
    <Filter Include="Source Files\ccLibs">
      <UniqueIdentifier>{fda69a32-d637-48c7-b794-16db1a8004f7}</UniqueIdentifier>
    </Filter>
    <Filter Include="Source Files\ccLibs\acs">
      <UniqueIdentifier>{32b224a9-1cdb-448f-8d2f-d429af693309}</UniqueIdentifier>
    </Filter>
    <Filter Include="Source Files\ccLibs\mcs">
      <UniqueIdentifier>{4b762ba1-5910-4696-b58c-528bf9c43013}</UniqueIdentifier>
    </Filter>
  </ItemGroup>
  <ItemGroup>
    <ClCompile Include="WIN32_Console.cpp">
      <Filter>Source Files</Filter>
    </ClCompile>
    <ClCompile Include="..\ccNOos\ioDevice\io_device_class.cpp">
      <Filter>Source Files\ioDevice</Filter>
    </ClCompile>
    <ClCompile Include="..\ccNOos\executionSystem\execution_system_class.cpp">
      <Filter>Source Files\executionSystem</Filter>
    </ClCompile>
    <ClCompile Include="..\ccNOos\consoleMenu\console_menu_class.cpp">
      <Filter>Source Files\consoleMenu</Filter>
    </ClCompile>
    <ClCompile Include="..\ccNOos\computeModule\compute_module_class.cpp">
      <Filter>Source Files\computeModule</Filter>
    </ClCompile>
    <ClCompile Include="..\ccNOos\tests\SysTickExample.cpp">
      <Filter>Source Files\tests</Filter>
    </ClCompile>
    <ClCompile Include="..\ccNOos\tests\AttensUIExample.cpp">
      <Filter>Source Files\tests</Filter>
    </ClCompile>
    <ClCompile Include="..\ccNOos\tests\ccNOos_tests_class.cpp">
      <Filter>Source Files\tests</Filter>
    </ClCompile>
    <ClCompile Include="..\ccNOos\tests\SatComACSExample.cpp">
      <Filter>Source Files\tests</Filter>
    </ClCompile>
    <ClCompile Include="..\ccNOos\ccLibs\mcs\motionControl.cpp">
      <Filter>Source Files\ccLibs\mcs</Filter>
    </ClCompile>
    <ClCompile Include="..\ccNOos\tests\SatComPowerMeterExample.cpp">
      <Filter>Source Files\tests</Filter>
    </ClCompile>
    <ClCompile Include="..\ccNOos\ccLibs\acs\ADRF6650.c">
      <Filter>Source Files\ccLibs\acs</Filter>
    </ClCompile>
    <ClCompile Include="..\ccNOos\ccLibs\acs\LTC2360.c">
      <Filter>Source Files\ccLibs\acs</Filter>
    </ClCompile>
    <ClCompile Include="..\ccNOos\ccLibs\acs\satComControl.cpp">
      <Filter>Source Files\ccLibs\acs</Filter>
    </ClCompile>
  </ItemGroup>
  <ItemGroup>
    <ClInclude Include="..\ccNOos\tests\ccNOos_tests.h">
      <Filter>Header Files\tests</Filter>
    </ClInclude>
    <ClInclude Include="..\ccNOos\ioDevice\io_device.h">
      <Filter>Header Files\ioDevice</Filter>
    </ClInclude>
    <ClInclude Include="..\ccNOos\executionSystem\version_config.h">
      <Filter>Header Files\executionSystem</Filter>
    </ClInclude>
    <ClInclude Include="..\ccNOos\executionSystem\execution_system.h">
      <Filter>Header Files\executionSystem</Filter>
    </ClInclude>
    <ClInclude Include="..\ccNOos\consoleMenu\console_menu.h">
      <Filter>Header Files\consoleMenu</Filter>
    </ClInclude>
    <ClInclude Include="..\ccNOos\computeModule\compute_module.h">
      <Filter>Header Files\computeModule</Filter>
    </ClInclude>
    <ClInclude Include="..\ccNOos\tests\SysTickExample.c">
      <Filter>Source Files\tests</Filter>
    </ClInclude>
    <ClInclude Include="..\ccNOos\computeModule\compute_module.c">
      <Filter>Source Files\computeModule</Filter>
    </ClInclude>
    <ClInclude Include="..\ccNOos\ioDevice\io_device.c">
      <Filter>Source Files\ioDevice</Filter>
    </ClInclude>
    <ClInclude Include="..\ccNOos\tests\ccNOos_tests.c">
      <Filter>Source Files\tests</Filter>
    </ClInclude>
    <ClInclude Include="..\ccNOos\consoleMenu\console_menu.c">
      <Filter>Source Files\consoleMenu</Filter>
    </ClInclude>
    <ClInclude Include="..\ccNOos\executionSystem\execution_system.c">
      <Filter>Source Files\executionSystem</Filter>
    </ClInclude>
    <ClInclude Include="..\ccNOos\tests\SysTickExample.h">
      <Filter>Header Files\tests</Filter>
    </ClInclude>
    <ClInclude Include="..\ccNOos\tests\AttensUIExample.h">
      <Filter>Header Files\tests</Filter>
    </ClInclude>
    <ClInclude Include="..\ccNOos\tests\AttensUIExample.c">
      <Filter>Source Files\tests</Filter>
    </ClInclude>
    <ClInclude Include="..\ccNOos\tests\SatComACSExample.h">
      <Filter>Header Files\tests</Filter>
    </ClInclude>
    <ClInclude Include="..\ccNOos\tests\SatComACSExample.c">
      <Filter>Source Files\tests</Filter>
    </ClInclude>
    <ClInclude Include="..\ccNOos\ccLibs\acs\satComControl.h">
      <Filter>Header Files\ccLibs\acs</Filter>
    </ClInclude>
    <ClInclude Include="..\ccNOos\ccLibs\acs\satComControl.c">
      <Filter>Source Files\ccLibs\acs</Filter>
    </ClInclude>
    <ClInclude Include="..\ccNOos\ccLibs\mcs\motionControl.h">
      <Filter>Header Files\ccLibs\mcs</Filter>
    </ClInclude>
    <ClInclude Include="..\ccNOos\ccLibs\mcs\motionControl.c">
      <Filter>Source Files\ccLibs\mcs</Filter>
    </ClInclude>
    <ClInclude Include="..\ccNOos\tests\SatComPowerMeterExample.h">
      <Filter>Header Files\tests</Filter>
    </ClInclude>
    <ClInclude Include="..\ccNOos\tests\SatComPowerMeterExample.c">
      <Filter>Source Files\tests</Filter>
    </ClInclude>
    <ClInclude Include="..\ccNOos\ccLibs\acs\ADRF6650.h">
      <Filter>Header Files\ccLibs\acs</Filter>
    </ClInclude>
    <ClInclude Include="..\ccNOos\ccLibs\acs\ADRF6650_Map.h">
      <Filter>Header Files\ccLibs\acs</Filter>
    </ClInclude>
    <ClInclude Include="..\ccNOos\ccLibs\acs\LTC2360.h">
      <Filter>Header Files\ccLibs\acs</Filter>
    </ClInclude>
    <ClInclude Include="..\ccNOos\tests\Platform_Win32.h">
      <Filter>Header Files</Filter>
    </ClInclude>
  </ItemGroup>
</Project>