
Microsoft Visual Studio Solution File, Format Version 12.00
# Visual Studio Version 17
VisualStudioVersion = 17.3.32901.215
MinimumVisualStudioVersion = 10.0.40219.1
Project("{8BC9CEB8-8B4A-11D0-8D11-00A0C91BC942}") = "WIN32", "WIN32\WIN32.vcxproj", "{A7CAA36D-CF8C-45B1-804F-07A7AA56B3FC}"
EndProject
Global
	GlobalSection(SolutionConfigurationPlatforms) = preSolution
		Debug|x64 = Debug|x64
		Debug|x86 = Debug|x86
		Release|x64 = Release|x64
		Release|x86 = Release|x86
	EndGlobalSection
	GlobalSection(ProjectConfigurationPlatforms) = postSolution
		{A7CAA36D-CF8C-45B1-804F-07A7AA56B3FC}.Debug|x64.ActiveCfg = Debug|Win32
		{A7CAA36D-CF8C-45B1-804F-07A7AA56B3FC}.Debug|x64.Build.0 = Debug|Win32
		{A7CAA36D-CF8C-45B1-804F-07A7AA56B3FC}.Debug|x86.ActiveCfg = Debug|Win32
		{A7CAA36D-CF8C-45B1-804F-07A7AA56B3FC}.Debug|x86.Build.0 = Debug|Win32
		{A7CAA36D-CF8C-45B1-804F-07A7AA56B3FC}.Release|x64.ActiveCfg = Release|x64
		{A7CAA36D-CF8C-45B1-804F-07A7AA56B3FC}.Release|x64.Build.0 = Release|x64
		{A7CAA36D-CF8C-45B1-804F-07A7AA56B3FC}.Release|x86.ActiveCfg = Release|Win32
		{A7CAA36D-CF8C-45B1-804F-07A7AA56B3FC}.Release|x86.Build.0 = Release|Win32
	EndGlobalSection
	GlobalSection(SolutionProperties) = preSolution
		HideSolutionNode = FALSE
	EndGlobalSection
	GlobalSection(ExtensibilityGlobals) = postSolution
		SolutionGuid = {D76C9BF1-6C3E-4035-9E5E-14FD349055BE}
	EndGlobalSection
EndGlobal
