
Microsoft Visual Studio Solution File, Format Version 12.00
# Visual Studio Version 16
VisualStudioVersion = 16.0.30621.155
MinimumVisualStudioVersion = 10.0.40219.1
Project("{FAE04EC0-301F-11D3-BF4B-00C04F79EFBC}") = "GenerateArduinoLib", "GenerateArduinoLib.csproj", "{B43A6FF8-9B27-4310-8E84-454A16E49229}"
EndProject
Global
	GlobalSection(SolutionConfigurationPlatforms) = preSolution
		Debug|Any CPU = Debug|Any CPU
		Release|Any CPU = Release|Any CPU
	EndGlobalSection
	GlobalSection(ProjectConfigurationPlatforms) = postSolution
		{B43A6FF8-9B27-4310-8E84-454A16E49229}.Debug|Any CPU.ActiveCfg = Debug|Any CPU
		{B43A6FF8-9B27-4310-8E84-454A16E49229}.Debug|Any CPU.Build.0 = Debug|Any CPU
		{B43A6FF8-9B27-4310-8E84-454A16E49229}.Release|Any CPU.ActiveCfg = Release|Any CPU
		{B43A6FF8-9B27-4310-8E84-454A16E49229}.Release|Any CPU.Build.0 = Release|Any CPU
	EndGlobalSection
	GlobalSection(SolutionProperties) = preSolution
		HideSolutionNode = FALSE
	EndGlobalSection
	GlobalSection(ExtensibilityGlobals) = postSolution
		SolutionGuid = {F1671B44-0A8C-46EF-B530-1BFE8E0A5A65}
	EndGlobalSection
EndGlobal
